
Microsoft Visual Studio Solution File, Format Version 12.00
# Visual Studio Version 17
VisualStudioVersion = 17.2.32602.215
MinimumVisualStudioVersion = 10.0.40219.1
Project("{FAE04EC0-301F-11D3-BF4B-00C04F79EFBC}") = "Singleton", "Singleton\Singleton.csproj", "{05D8B39F-4322-491B-BD5A-C9FFECC5CF05}"
EndProject
Global
	GlobalSection(SolutionConfigurationPlatforms) = preSolution
		Debug|Any CPU = Debug|Any CPU
		Release|Any CPU = Release|Any CPU
	EndGlobalSection
	GlobalSection(ProjectConfigurationPlatforms) = postSolution
		{05D8B39F-4322-491B-BD5A-C9FFECC5CF05}.Debug|Any CPU.ActiveCfg = Debug|Any CPU
		{05D8B39F-4322-491B-BD5A-C9FFECC5CF05}.Debug|Any CPU.Build.0 = Debug|Any CPU
		{05D8B39F-4322-491B-BD5A-C9FFECC5CF05}.Release|Any CPU.ActiveCfg = Release|Any CPU
		{05D8B39F-4322-491B-BD5A-C9FFECC5CF05}.Release|Any CPU.Build.0 = Release|Any CPU
	EndGlobalSection
	GlobalSection(SolutionProperties) = preSolution
		HideSolutionNode = FALSE
	EndGlobalSection
	GlobalSection(ExtensibilityGlobals) = postSolution
		SolutionGuid = {E2BA936D-A92B-45FF-88FA-15723F079EAD}
	EndGlobalSection
EndGlobal
